// !$*UTF8*$!
{
	archiveVersion = 1;
	classes = {
	};
	objectVersion = 77;
	objects = {

/* Begin PBXContainerItemProxy section */
		84CDCFDD2E0DA4A00082D622 /* PBXContainerItemProxy */ = {
			isa = PBXContainerItemProxy;
			containerPortal = 84CDCFC72E0DA49F0082D622 /* Project object */;
			proxyType = 1;
			remoteGlobalIDString = 84CDCFCE2E0DA49F0082D622;
			remoteInfo = MaltiPrac;
		};
		84CDCFE72E0DA4A00082D622 /* PBXContainerItemProxy */ = {
			isa = PBXContainerItemProxy;
			containerPortal = 84CDCFC72E0DA49F0082D622 /* Project object */;
			proxyType = 1;
			remoteGlobalIDString = 84CDCFCE2E0DA49F0082D622;
			remoteInfo = MaltiPrac;
		};
/* End PBXContainerItemProxy section */

/* Begin PBXFileReference section */
		84CDCFCF2E0DA49F0082D622 /* MaltiPrac.app */ = {isa = PBXFileReference; explicitFileType = wrapper.application; includeInIndex = 0; path = MaltiPrac.app; sourceTree = BUILT_PRODUCTS_DIR; };
		84CDCFDC2E0DA4A00082D622 /* MaltiPracTests.xctest */ = {isa = PBXFileReference; explicitFileType = wrapper.cfbundle; includeInIndex = 0; path = MaltiPracTests.xctest; sourceTree = BUILT_PRODUCTS_DIR; };
		84CDCFE62E0DA4A00082D622 /* MaltiPracUITests.xctest */ = {isa = PBXFileReference; explicitFileType = wrapper.cfbundle; includeInIndex = 0; path = MaltiPracUITests.xctest; sourceTree = BUILT_PRODUCTS_DIR; };
/* End PBXFileReference section */

/* Begin PBXFileSystemSynchronizedRootGroup section */
		84CDCFD12E0DA49F0082D622 /* MaltiPrac */ = {
			isa = PBXFileSystemSynchronizedRootGroup;
			path = MaltiPrac;
			sourceTree = "<group>";
		};
		84CDCFDF2E0DA4A00082D622 /* MaltiPracTests */ = {
			isa = PBXFileSystemSynchronizedRootGroup;
			path = MaltiPracTests;
			sourceTree = "<group>";
		};
		84CDCFE92E0DA4A00082D622 /* MaltiPracUITests */ = {
			isa = PBXFileSystemSynchronizedRootGroup;
			path = MaltiPracUITests;
			sourceTree = "<group>";
		};
/* End PBXFileSystemSynchronizedRootGroup section */

/* Begin PBXFrameworksBuildPhase section */
		84CDCFCC2E0DA49F0082D622 /* Frameworks */ = {
			isa = PBXFrameworksBuildPhase;
			buildActionMask = 2147483647;
			files = (
			);
			runOnlyForDeploymentPostprocessing = 0;
		};
		84CDCFD92E0DA4A00082D622 /* Frameworks */ = {
			isa = PBXFrameworksBuildPhase;
			buildActionMask = 2147483647;
			files = (
			);
			runOnlyForDeploymentPostprocessing = 0;
		};
		84CDCFE32E0DA4A00082D622 /* Frameworks */ = {
			isa = PBXFrameworksBuildPhase;
			buildActionMask = 2147483647;
			files = (
			);
			runOnlyForDeploymentPostprocessing = 0;
		};
/* End PBXFrameworksBuildPhase section */

/* Begin PBXGroup section */
		84CDCFC62E0DA49F0082D622 = {
			isa = PBXGroup;
			children = (
				84CDCFD12E0DA49F0082D622 /* MaltiPrac */,
				84CDCFDF2E0DA4A00082D622 /* MaltiPracTests */,
				84CDCFE92E0DA4A00082D622 /* MaltiPracUITests */,
				84CDCFD02E0DA49F0082D622 /* Products */,
			);
			sourceTree = "<group>";
		};
		84CDCFD02E0DA49F0082D622 /* Products */ = {
			isa = PBXGroup;
			children = (
				84CDCFCF2E0DA49F0082D622 /* MaltiPrac.app */,
				84CDCFDC2E0DA4A00082D622 /* MaltiPracTests.xctest */,
				84CDCFE62E0DA4A00082D622 /* MaltiPracUITests.xctest */,
			);
			name = Products;
			sourceTree = "<group>";
		};
/* End PBXGroup section */

/* Begin PBXNativeTarget section */
		84CDCFCE2E0DA49F0082D622 /* MaltiPrac */ = {
			isa = PBXNativeTarget;
			buildConfigurationList = 84CDCFF02E0DA4A00082D622 /* Build configuration list for PBXNativeTarget "MaltiPrac" */;
			buildPhases = (
				84CDCFCB2E0DA49F0082D622 /* Sources */,
				84CDCFCC2E0DA49F0082D622 /* Frameworks */,
				84CDCFCD2E0DA49F0082D622 /* Resources */,
			);
			buildRules = (
			);
			dependencies = (
			);
			fileSystemSynchronizedGroups = (
				84CDCFD12E0DA49F0082D622 /* MaltiPrac */,
			);
			name = MaltiPrac;
			packageProductDependencies = (
			);
			productName = MaltiPrac;
			productReference = 84CDCFCF2E0DA49F0082D622 /* MaltiPrac.app */;
			productType = "com.apple.product-type.application";
		};
		84CDCFDB2E0DA4A00082D622 /* MaltiPracTests */ = {
			isa = PBXNativeTarget;
			buildConfigurationList = 84CDCFF32E0DA4A00082D622 /* Build configuration list for PBXNativeTarget "MaltiPracTests" */;
			buildPhases = (
				84CDCFD82E0DA4A00082D622 /* Sources */,
				84CDCFD92E0DA4A00082D622 /* Frameworks */,
				84CDCFDA2E0DA4A00082D622 /* Resources */,
			);
			buildRules = (
			);
			dependencies = (
				84CDCFDE2E0DA4A00082D622 /* PBXTargetDependency */,
			);
			fileSystemSynchronizedGroups = (
				84CDCFDF2E0DA4A00082D622 /* MaltiPracTests */,
			);
			name = MaltiPracTests;
			packageProductDependencies = (
			);
			productName = MaltiPracTests;
			productReference = 84CDCFDC2E0DA4A00082D622 /* MaltiPracTests.xctest */;
			productType = "com.apple.product-type.bundle.unit-test";
		};
		84CDCFE52E0DA4A00082D622 /* MaltiPracUITests */ = {
			isa = PBXNativeTarget;
			buildConfigurationList = 84CDCFF62E0DA4A00082D622 /* Build configuration list for PBXNativeTarget "MaltiPracUITests" */;
			buildPhases = (
				84CDCFE22E0DA4A00082D622 /* Sources */,
				84CDCFE32E0DA4A00082D622 /* Frameworks */,
				84CDCFE42E0DA4A00082D622 /* Resources */,
			);
			buildRules = (
			);
			dependencies = (
				84CDCFE82E0DA4A00082D622 /* PBXTargetDependency */,
			);
			fileSystemSynchronizedGroups = (
				84CDCFE92E0DA4A00082D622 /* MaltiPracUITests */,
			);
			name = MaltiPracUITests;
			packageProductDependencies = (
			);
			productName = MaltiPracUITests;
			productReference = 84CDCFE62E0DA4A00082D622 /* MaltiPracUITests.xctest */;
			productType = "com.apple.product-type.bundle.ui-testing";
		};
/* End PBXNativeTarget section */

/* Begin PBXProject section */
		84CDCFC72E0DA49F0082D622 /* Project object */ = {
			isa = PBXProject;
			attributes = {
				BuildIndependentTargetsInParallel = 1;
				LastSwiftUpdateCheck = 1640;
				LastUpgradeCheck = 1640;
				TargetAttributes = {
					84CDCFCE2E0DA49F0082D622 = {
						CreatedOnToolsVersion = 16.4;
					};
					84CDCFDB2E0DA4A00082D622 = {
						CreatedOnToolsVersion = 16.4;
						TestTargetID = 84CDCFCE2E0DA49F0082D622;
					};
					84CDCFE52E0DA4A00082D622 = {
						CreatedOnToolsVersion = 16.4;
						TestTargetID = 84CDCFCE2E0DA49F0082D622;
					};
				};
			};
			buildConfigurationList = 84CDCFCA2E0DA49F0082D622 /* Build configuration list for PBXProject "MaltiPrac" */;
			developmentRegion = en;
			hasScannedForEncodings = 0;
			knownRegions = (
				en,
				Base,
			);
			mainGroup = 84CDCFC62E0DA49F0082D622;
			minimizedProjectReferenceProxies = 1;
			preferredProjectObjectVersion = 77;
			productRefGroup = 84CDCFD02E0DA49F0082D622 /* Products */;
			projectDirPath = "";
			projectRoot = "";
			targets = (
				84CDCFCE2E0DA49F0082D622 /* MaltiPrac */,
				84CDCFDB2E0DA4A00082D622 /* MaltiPracTests */,
				84CDCFE52E0DA4A00082D622 /* MaltiPracUITests */,
			);
		};
/* End PBXProject section */

/* Begin PBXResourcesBuildPhase section */
		84CDCFCD2E0DA49F0082D622 /* Resources */ = {
			isa = PBXResourcesBuildPhase;
			buildActionMask = 2147483647;
			files = (
			);
			runOnlyForDeploymentPostprocessing = 0;
		};
		84CDCFDA2E0DA4A00082D622 /* Resources */ = {
			isa = PBXResourcesBuildPhase;
			buildActionMask = 2147483647;
			files = (
			);
			runOnlyForDeploymentPostprocessing = 0;
		};
		84CDCFE42E0DA4A00082D622 /* Resources */ = {
			isa = PBXResourcesBuildPhase;
			buildActionMask = 2147483647;
			files = (
			);
			runOnlyForDeploymentPostprocessing = 0;
		};
/* End PBXResourcesBuildPhase section */

/* Begin PBXSourcesBuildPhase section */
		84CDCFCB2E0DA49F0082D622 /* Sources */ = {
			isa = PBXSourcesBuildPhase;
			buildActionMask = 2147483647;
			files = (
			);
			runOnlyForDeploymentPostprocessing = 0;
		};
		84CDCFD82E0DA4A00082D622 /* Sources */ = {
			isa = PBXSourcesBuildPhase;
			buildActionMask = 2147483647;
			files = (
			);
			runOnlyForDeploymentPostprocessing = 0;
		};
		84CDCFE22E0DA4A00082D622 /* Sources */ = {
			isa = PBXSourcesBuildPhase;
			buildActionMask = 2147483647;
			files = (
			);
			runOnlyForDeploymentPostprocessing = 0;
		};
/* End PBXSourcesBuildPhase section */

/* Begin PBXTargetDependency section */
		84CDCFDE2E0DA4A00082D622 /* PBXTargetDependency */ = {
			isa = PBXTargetDependency;
			target = 84CDCFCE2E0DA49F0082D622 /* MaltiPrac */;
			targetProxy = 84CDCFDD2E0DA4A00082D622 /* PBXContainerItemProxy */;
		};
		84CDCFE82E0DA4A00082D622 /* PBXTargetDependency */ = {
			isa = PBXTargetDependency;
			target = 84CDCFCE2E0DA49F0082D622 /* MaltiPrac */;
			targetProxy = 84CDCFE72E0DA4A00082D622 /* PBXContainerItemProxy */;
		};
/* End PBXTargetDependency section */

/* Begin XCBuildConfiguration section */
		84CDCFEE2E0DA4A00082D622 /* Debug */ = {
			isa = XCBuildConfiguration;
			buildSettings = {
				ALWAYS_SEARCH_USER_PATHS = NO;
				ASSETCATALOG_COMPILER_GENERATE_SWIFT_ASSET_SYMBOL_EXTENSIONS = YES;
				CLANG_ANALYZER_NONNULL = YES;
				CLANG_ANALYZER_NUMBER_OBJECT_CONVERSION = YES_AGGRESSIVE;
				CLANG_CXX_LANGUAGE_STANDARD = "gnu++20";
				CLANG_ENABLE_MODULES = YES;
				CLANG_ENABLE_OBJC_ARC = YES;
				CLANG_ENABLE_OBJC_WEAK = YES;
				CLANG_WARN_BLOCK_CAPTURE_AUTORELEASING = YES;
				CLANG_WARN_BOOL_CONVERSION = YES;
				CLANG_WARN_COMMA = YES;
				CLANG_WARN_CONSTANT_CONVERSION = YES;
				CLANG_WARN_DEPRECATED_OBJC_IMPLEMENTATIONS = YES;
				CLANG_WARN_DIRECT_OBJC_ISA_USAGE = YES_ERROR;
				CLANG_WARN_DOCUMENTATION_COMMENTS = YES;
				CLANG_WARN_EMPTY_BODY = YES;
				CLANG_WARN_ENUM_CONVERSION = YES;
				CLANG_WARN_INFINITE_RECURSION = YES;
				CLANG_WARN_INT_CONVERSION = YES;
				CLANG_WARN_NON_LITERAL_NULL_CONVERSION = YES;
				CLANG_WARN_OBJC_IMPLICIT_RETAIN_SELF = YES;
				CLANG_WARN_OBJC_LITERAL_CONVERSION = YES;
				CLANG_WARN_OBJC_ROOT_CLASS = YES_ERROR;
				CLANG_WARN_QUOTED_INCLUDE_IN_FRAMEWORK_HEADER = YES;
				CLANG_WARN_RANGE_LOOP_ANALYSIS = YES;
				CLANG_WARN_STRICT_PROTOTYPES = YES;
				CLANG_WARN_SUSPICIOUS_MOVE = YES;
				CLANG_WARN_UNGUARDED_AVAILABILITY = YES_AGGRESSIVE;
				CLANG_WARN_UNREACHABLE_CODE = YES;
				CLANG_WARN__DUPLICATE_METHOD_MATCH = YES;
				COPY_PHASE_STRIP = NO;
				DEBUG_INFORMATION_FORMAT = dwarf;
				DEVELOPMENT_TEAM = G838W3JJHK;
				ENABLE_STRICT_OBJC_MSGSEND = YES;
				ENABLE_TESTABILITY = YES;
				ENABLE_USER_SCRIPT_SANDBOXING = YES;
				GCC_C_LANGUAGE_STANDARD = gnu17;
				GCC_DYNAMIC_NO_PIC = NO;
				GCC_NO_COMMON_BLOCKS = YES;
				GCC_OPTIMIZATION_LEVEL = 0;
				GCC_PREPROCESSOR_DEFINITIONS = (
					"DEBUG=1",
					"$(inherited)",
				);
				GCC_WARN_64_TO_32_BIT_CONVERSION = YES;
				GCC_WARN_ABOUT_RETURN_TYPE = YES_ERROR;
				GCC_WARN_UNDECLARED_SELECTOR = YES;
				GCC_WARN_UNINITIALIZED_AUTOS = YES_AGGRESSIVE;
				GCC_WARN_UNUSED_FUNCTION = YES;
				GCC_WARN_UNUSED_VARIABLE = YES;
				IPHONEOS_DEPLOYMENT_TARGET = 18.5;
				LOCALIZATION_PREFERS_STRING_CATALOGS = YES;
				MTL_ENABLE_DEBUG_INFO = INCLUDE_SOURCE;
				MTL_FAST_MATH = YES;
				ONLY_ACTIVE_ARCH = YES;
				SDKROOT = iphoneos;
				SWIFT_ACTIVE_COMPILATION_CONDITIONS = "DEBUG $(inherited)";
				SWIFT_OPTIMIZATION_LEVEL = "-Onone";
			};
			name = Debug;
		};
		84CDCFEF2E0DA4A00082D622 /* Release */ = {
			isa = XCBuildConfiguration;
			buildSettings = {
				ALWAYS_SEARCH_USER_PATHS = NO;
				ASSETCATALOG_COMPILER_GENERATE_SWIFT_ASSET_SYMBOL_EXTENSIONS = YES;
				CLANG_ANALYZER_NONNULL = YES;
				CLANG_ANALYZER_NUMBER_OBJECT_CONVERSION = YES_AGGRESSIVE;
				CLANG_CXX_LANGUAGE_STANDARD = "gnu++20";
				CLANG_ENABLE_MODULES = YES;
				CLANG_ENABLE_OBJC_ARC = YES;
				CLANG_ENABLE_OBJC_WEAK = YES;
				CLANG_WARN_BLOCK_CAPTURE_AUTORELEASING = YES;
				CLANG_WARN_BOOL_CONVERSION = YES;
				CLANG_WARN_COMMA = YES;
				CLANG_WARN_CONSTANT_CONVERSION = YES;
				CLANG_WARN_DEPRECATED_OBJC_IMPLEMENTATIONS = YES;
				CLANG_WARN_DIRECT_OBJC_ISA_USAGE = YES_ERROR;
				CLANG_WARN_DOCUMENTATION_COMMENTS = YES;
				CLANG_WARN_EMPTY_BODY = YES;
				CLANG_WARN_ENUM_CONVERSION = YES;
				CLANG_WARN_INFINITE_RECURSION = YES;
				CLANG_WARN_INT_CONVERSION = YES;
				CLANG_WARN_NON_LITERAL_NULL_CONVERSION = YES;
				CLANG_WARN_OBJC_IMPLICIT_RETAIN_SELF = YES;
				CLANG_WARN_OBJC_LITERAL_CONVERSION = YES;
				CLANG_WARN_OBJC_ROOT_CLASS = YES_ERROR;
				CLANG_WARN_QUOTED_INCLUDE_IN_FRAMEWORK_HEADER = YES;
				CLANG_WARN_RANGE_LOOP_ANALYSIS = YES;
				CLANG_WARN_STRICT_PROTOTYPES = YES;
				CLANG_WARN_SUSPICIOUS_MOVE = YES;
				CLANG_WARN_UNGUARDED_AVAILABILITY = YES_AGGRESSIVE;
				CLANG_WARN_UNREACHABLE_CODE = YES;
				CLANG_WARN__DUPLICATE_METHOD_MATCH = YES;
				COPY_PHASE_STRIP = NO;
				DEBUG_INFORMATION_FORMAT = "dwarf-with-dsym";
				DEVELOPMENT_TEAM = G838W3JJHK;
				ENABLE_NS_ASSERTIONS = NO;
				ENABLE_STRICT_OBJC_MSGSEND = YES;
				ENABLE_USER_SCRIPT_SANDBOXING = YES;
				GCC_C_LANGUAGE_STANDARD = gnu17;
				GCC_NO_COMMON_BLOCKS = YES;
				GCC_WARN_64_TO_32_BIT_CONVERSION = YES;
				GCC_WARN_ABOUT_RETURN_TYPE = YES_ERROR;
				GCC_WARN_UNDECLARED_SELECTOR = YES;
				GCC_WARN_UNINITIALIZED_AUTOS = YES_AGGRESSIVE;
				GCC_WARN_UNUSED_FUNCTION = YES;
				GCC_WARN_UNUSED_VARIABLE = YES;
				IPHONEOS_DEPLOYMENT_TARGET = 18.5;
				LOCALIZATION_PREFERS_STRING_CATALOGS = YES;
				MTL_ENABLE_DEBUG_INFO = NO;
				MTL_FAST_MATH = YES;
				SDKROOT = iphoneos;
				SWIFT_COMPILATION_MODE = wholemodule;
				VALIDATE_PRODUCT = YES;
			};
			name = Release;
		};
		84CDCFF12E0DA4A00082D622 /* Debug */ = {
			isa = XCBuildConfiguration;
			buildSettings = {
				ASSETCATALOG_COMPILER_APPICON_NAME = AppIcon;
				ASSETCATALOG_COMPILER_GLOBAL_ACCENT_COLOR_NAME = AccentColor;
				CODE_SIGN_STYLE = Automatic;
				CURRENT_PROJECT_VERSION = 1;
				DEVELOPMENT_TEAM = G838W3JJHK;
				ENABLE_PREVIEWS = YES;
				GENERATE_INFOPLIST_FILE = YES;
				INFOPLIST_KEY_UIApplicationSceneManifest_Generation = YES;
				INFOPLIST_KEY_UIApplicationSupportsIndirectInputEvents = YES;
				INFOPLIST_KEY_UILaunchScreen_Generation = YES;
				INFOPLIST_KEY_UISupportedInterfaceOrientations_iPad = "UIInterfaceOrientationPortrait UIInterfaceOrientationPortraitUpsideDown UIInterfaceOrientationLandscapeLeft UIInterfaceOrientationLandscapeRight";
				INFOPLIST_KEY_UISupportedInterfaceOrientations_iPhone = "UIInterfaceOrientationPortrait UIInterfaceOrientationLandscapeLeft UIInterfaceOrientationLandscapeRight";
				LD_RUNPATH_SEARCH_PATHS = (
					"$(inherited)",
					"@executable_path/Frameworks",
				);
				MARKETING_VERSION = 1.0;
				PRODUCT_BUNDLE_IDENTIFIER = com.blczy.MaltiPrac;
				PRODUCT_NAME = "$(TARGET_NAME)";
				SWIFT_EMIT_LOC_STRINGS = YES;
				SWIFT_VERSION = 5.0;
				TARGETED_DEVICE_FAMILY = "1,2";
			};
			name = Debug;
		};
		84CDCFF22E0DA4A00082D622 /* Release */ = {
			isa = XCBuildConfiguration;
			buildSettings = {
				ASSETCATALOG_COMPILER_APPICON_NAME = AppIcon;
				ASSETCATALOG_COMPILER_GLOBAL_ACCENT_COLOR_NAME = AccentColor;
				CODE_SIGN_STYLE = Automatic;
				CURRENT_PROJECT_VERSION = 1;
				DEVELOPMENT_TEAM = G838W3JJHK;
				ENABLE_PREVIEWS = YES;
				GENERATE_INFOPLIST_FILE = YES;
				INFOPLIST_KEY_UIApplicationSceneManifest_Generation = YES;
				INFOPLIST_KEY_UIApplicationSupportsIndirectInputEvents = YES;
				INFOPLIST_KEY_UILaunchScreen_Generation = YES;
				INFOPLIST_KEY_UISupportedInterfaceOrientations_iPad = "UIInterfaceOrientationPortrait UIInterfaceOrientationPortraitUpsideDown UIInterfaceOrientationLandscapeLeft UIInterfaceOrientationLandscapeRight";
				INFOPLIST_KEY_UISupportedInterfaceOrientations_iPhone = "UIInterfaceOrientationPortrait UIInterfaceOrientationLandscapeLeft UIInterfaceOrientationLandscapeRight";
				LD_RUNPATH_SEARCH_PATHS = (
					"$(inherited)",
					"@executable_path/Frameworks",
				);
				MARKETING_VERSION = 1.0;
				PRODUCT_BUNDLE_IDENTIFIER = com.blczy.MaltiPrac;
				PRODUCT_NAME = "$(TARGET_NAME)";
				SWIFT_EMIT_LOC_STRINGS = YES;
				SWIFT_VERSION = 5.0;
				TARGETED_DEVICE_FAMILY = "1,2";
			};
			name = Release;
		};
		84CDCFF42E0DA4A00082D622 /* Debug */ = {
			isa = XCBuildConfiguration;
			buildSettings = {
				BUNDLE_LOADER = "$(TEST_HOST)";
				CODE_SIGN_STYLE = Automatic;
				CURRENT_PROJECT_VERSION = 1;
				DEVELOPMENT_TEAM = G838W3JJHK;
				GENERATE_INFOPLIST_FILE = YES;
				IPHONEOS_DEPLOYMENT_TARGET = 18.5;
				MARKETING_VERSION = 1.0;
				PRODUCT_BUNDLE_IDENTIFIER = com.blczy.MaltiPracTests;
				PRODUCT_NAME = "$(TARGET_NAME)";
				SWIFT_EMIT_LOC_STRINGS = NO;
				SWIFT_VERSION = 5.0;
				TARGETED_DEVICE_FAMILY = "1,2";
				TEST_HOST = "$(BUILT_PRODUCTS_DIR)/MaltiPrac.app/$(BUNDLE_EXECUTABLE_FOLDER_PATH)/MaltiPrac";
			};
			name = Debug;
		};
		84CDCFF52E0DA4A00082D622 /* Release */ = {
			isa = XCBuildConfiguration;
			buildSettings = {
				BUNDLE_LOADER = "$(TEST_HOST)";
				CODE_SIGN_STYLE = Automatic;
				CURRENT_PROJECT_VERSION = 1;
				DEVELOPMENT_TEAM = G838W3JJHK;
				GENERATE_INFOPLIST_FILE = YES;
				IPHONEOS_DEPLOYMENT_TARGET = 18.5;
				MARKETING_VERSION = 1.0;
				PRODUCT_BUNDLE_IDENTIFIER = com.blczy.MaltiPracTests;
				PRODUCT_NAME = "$(TARGET_NAME)";
				SWIFT_EMIT_LOC_STRINGS = NO;
				SWIFT_VERSION = 5.0;
				TARGETED_DEVICE_FAMILY = "1,2";
				TEST_HOST = "$(BUILT_PRODUCTS_DIR)/MaltiPrac.app/$(BUNDLE_EXECUTABLE_FOLDER_PATH)/MaltiPrac";
			};
			name = Release;
		};
		84CDCFF72E0DA4A00082D622 /* Debug */ = {
			isa = XCBuildConfiguration;
			buildSettings = {
				CODE_SIGN_STYLE = Automatic;
				CURRENT_PROJECT_VERSION = 1;
				DEVELOPMENT_TEAM = G838W3JJHK;
				GENERATE_INFOPLIST_FILE = YES;
				MARKETING_VERSION = 1.0;
				PRODUCT_BUNDLE_IDENTIFIER = com.blczy.MaltiPracUITests;
				PRODUCT_NAME = "$(TARGET_NAME)";
				SWIFT_EMIT_LOC_STRINGS = NO;
				SWIFT_VERSION = 5.0;
				TARGETED_DEVICE_FAMILY = "1,2";
				TEST_TARGET_NAME = MaltiPrac;
			};
			name = Debug;
		};
		84CDCFF82E0DA4A00082D622 /* Release */ = {
			isa = XCBuildConfiguration;
			buildSettings = {
				CODE_SIGN_STYLE = Automatic;
				CURRENT_PROJECT_VERSION = 1;
				DEVELOPMENT_TEAM = G838W3JJHK;
				GENERATE_INFOPLIST_FILE = YES;
				MARKETING_VERSION = 1.0;
				PRODUCT_BUNDLE_IDENTIFIER = com.blczy.MaltiPracUITests;
				PRODUCT_NAME = "$(TARGET_NAME)";
				SWIFT_EMIT_LOC_STRINGS = NO;
				SWIFT_VERSION = 5.0;
				TARGETED_DEVICE_FAMILY = "1,2";
				TEST_TARGET_NAME = MaltiPrac;
			};
			name = Release;
		};
/* End XCBuildConfiguration section */

/* Begin XCConfigurationList section */
		84CDCFCA2E0DA49F0082D622 /* Build configuration list for PBXProject "MaltiPrac" */ = {
			isa = XCConfigurationList;
			buildConfigurations = (
				84CDCFEE2E0DA4A00082D622 /* Debug */,
				84CDCFEF2E0DA4A00082D622 /* Release */,
			);
			defaultConfigurationIsVisible = 0;
			defaultConfigurationName = Release;
		};
		84CDCFF02E0DA4A00082D622 /* Build configuration list for PBXNativeTarget "MaltiPrac" */ = {
			isa = XCConfigurationList;
			buildConfigurations = (
				84CDCFF12E0DA4A00082D622 /* Debug */,
				84CDCFF22E0DA4A00082D622 /* Release */,
			);
			defaultConfigurationIsVisible = 0;
			defaultConfigurationName = Release;
		};
		84CDCFF32E0DA4A00082D622 /* Build configuration list for PBXNativeTarget "MaltiPracTests" */ = {
			isa = XCConfigurationList;
			buildConfigurations = (
				84CDCFF42E0DA4A00082D622 /* Debug */,
				84CDCFF52E0DA4A00082D622 /* Release */,
			);
			defaultConfigurationIsVisible = 0;
			defaultConfigurationName = Release;
		};
		84CDCFF62E0DA4A00082D622 /* Build configuration list for PBXNativeTarget "MaltiPracUITests" */ = {
			isa = XCConfigurationList;
			buildConfigurations = (
				84CDCFF72E0DA4A00082D622 /* Debug */,
				84CDCFF82E0DA4A00082D622 /* Release */,
			);
			defaultConfigurationIsVisible = 0;
			defaultConfigurationName = Release;
		};
/* End XCConfigurationList section */
	};
	rootObject = 84CDCFC72E0DA49F0082D622 /* Project object */;
}
